
Microsoft Visual Studio Solution File, Format Version 11.00
# Visual Studio 2010
Project("{FAE04EC0-301F-11D3-BF4B-00C04F79EFBC}") = "PM.PatientManagement.MultipleTestViewer.WindowsForms", "PM.PatientManagement.MultipleTestViewer.WindowsForms.csproj", "{3350B7D5-6685-49F5-966E-BE791302AB8B}"
EndProject
Global
	GlobalSection(SolutionConfigurationPlatforms) = preSolution
		Debug|Any CPU = Debug|Any CPU
		Release|Any CPU = Release|Any CPU
	EndGlobalSection
	GlobalSection(ProjectConfigurationPlatforms) = postSolution
		{3350B7D5-6685-49F5-966E-BE791302AB8B}.Debug|Any CPU.ActiveCfg = Debug|Any CPU
		{3350B7D5-6685-49F5-966E-BE791302AB8B}.Debug|Any CPU.Build.0 = Debug|Any CPU
		{3350B7D5-6685-49F5-966E-BE791302AB8B}.Release|Any CPU.ActiveCfg = Release|Any CPU
		{3350B7D5-6685-49F5-966E-BE791302AB8B}.Release|Any CPU.Build.0 = Release|Any CPU
	EndGlobalSection
	GlobalSection(SolutionProperties) = preSolution
		HideSolutionNode = FALSE
	EndGlobalSection
EndGlobal
