
Microsoft Visual Studio Solution File, Format Version 11.00
# Visual Studio 2010
Project("{FAE04EC0-301F-11D3-BF4B-00C04F79EFBC}") = "PM.DatabaseManagement.VistaDB", "PM.DatabaseManagement.VistaDB.csproj", "{2DDD2148-8E89-4D97-888A-ED9320852A55}"
EndProject
Global
	GlobalSection(SolutionConfigurationPlatforms) = preSolution
		Debug|Any CPU = Debug|Any CPU
		Release|Any CPU = Release|Any CPU
	EndGlobalSection
	GlobalSection(ProjectConfigurationPlatforms) = postSolution
		{2DDD2148-8E89-4D97-888A-ED9320852A55}.Debug|Any CPU.ActiveCfg = Debug|Any CPU
		{2DDD2148-8E89-4D97-888A-ED9320852A55}.Debug|Any CPU.Build.0 = Debug|Any CPU
		{2DDD2148-8E89-4D97-888A-ED9320852A55}.Release|Any CPU.ActiveCfg = Release|Any CPU
		{2DDD2148-8E89-4D97-888A-ED9320852A55}.Release|Any CPU.Build.0 = Release|Any CPU
	EndGlobalSection
	GlobalSection(SolutionProperties) = preSolution
		HideSolutionNode = FALSE
	EndGlobalSection
EndGlobal
