
Microsoft Visual Studio Solution File, Format Version 12.00
# Visual Studio Version 17
VisualStudioVersion = 17.14.36511.14 d17.14
MinimumVisualStudioVersion = 10.0.40219.1
Project("{2150E333-8FDC-42A3-9474-1A3956D46DE8}") = "Application", "Application", "{02EA681E-C7D8-13C7-8484-4AC65E1B71E8}"
EndProject
Project("{2150E333-8FDC-42A3-9474-1A3956D46DE8}") = "Component.AudiologyTest", "Component.AudiologyTest", "{2A64902A-BE4B-4CBE-B590-D1A73DCDD19C}"
EndProject
Project("{2150E333-8FDC-42A3-9474-1A3956D46DE8}") = "Component.Core", "Component.Core", "{80712B80-D5F0-4148-913E-BD958D4926F2}"
EndProject
Project("{2150E333-8FDC-42A3-9474-1A3956D46DE8}") = "Component.DataExchange", "Component.DataExchange", "{151DC436-5F36-418C-A227-F7057372AE0C}"
EndProject
Project("{2150E333-8FDC-42A3-9474-1A3956D46DE8}") = "Component.InstrumentManagement", "Component.InstrumentManagement", "{F9C36097-089D-4D50-86BE-5B1B42E2870F}"
EndProject
Project("{2150E333-8FDC-42A3-9474-1A3956D46DE8}") = "Component.PatientManagement", "Component.PatientManagement", "{287E8949-D942-456E-875F-AE79742D01C8}"
EndProject
Project("{2150E333-8FDC-42A3-9474-1A3956D46DE8}") = "Component.ServiceTools", "Component.ServiceTools", "{509DA062-3C2D-48A5-AC4A-8FA6FA65A890}"
EndProject
Project("{2150E333-8FDC-42A3-9474-1A3956D46DE8}") = "Component.SiteAndFacilityManagement", "Component.SiteAndFacilityManagement", "{38C27290-FE90-463A-AD79-755EF1A10F55}"
EndProject
Project("{2150E333-8FDC-42A3-9474-1A3956D46DE8}") = "Component.SystemConfiguration", "Component.SystemConfiguration", "{D1BCABDE-9DDC-4EAA-AA80-D9C3CD6901AA}"
EndProject
Project("{2150E333-8FDC-42A3-9474-1A3956D46DE8}") = "Component.UserProfileManagement", "Component.UserProfileManagement", "{050F40DA-0EB4-4843-AB22-A91613E4129B}"
EndProject
Project("{2150E333-8FDC-42A3-9474-1A3956D46DE8}") = "Solution items", "Solution items", "{FFC9384A-C031-4F03-86CD-139FDA3D613E}"
EndProject
Project("{FAE04EC0-301F-11D3-BF4B-00C04F79EFBC}") = "AccuLink", "..\Application\AccuLink\AccuLink.csproj", "{1C7C457C-08A5-418F-BBBE-052A7E97444F}"
EndProject
Project("{FAE04EC0-301F-11D3-BF4B-00C04F79EFBC}") = "AccuScreenServicetool", "..\Application\AccuScreenServicetool\AccuScreenServicetool.csproj", "{0E9287FC-6262-4251-866A-E0D51ACBCBFB}"
EndProject
Project("{2150E333-8FDC-42A3-9474-1A3956D46DE8}") = "GNO.Type1077", "GNO.Type1077", "{B00F27F9-C04E-48D3-9E5B-5C3A939C9367}"
EndProject
Project("{2150E333-8FDC-42A3-9474-1A3956D46DE8}") = "ABR", "ABR", "{CE0AD067-CA21-484C-A891-0457047B102D}"
EndProject
Project("{2150E333-8FDC-42A3-9474-1A3956D46DE8}") = "DPOAE", "DPOAE", "{56EDD01A-65AF-4F75-BCFF-C33A7CE41094}"
EndProject
Project("{2150E333-8FDC-42A3-9474-1A3956D46DE8}") = "TEOAE", "TEOAE", "{C29C0369-E214-4460-B81D-42341740F40C}"
EndProject
Project("{FAE04EC0-301F-11D3-BF4B-00C04F79EFBC}") = "PM.ABR", "..\Component.AudiologyTest\ABR\PM.ABR.Core\PM.ABR.csproj", "{B1E4E84B-CC95-4666-8E33-4E509062C86B}"
EndProject
Project("{FAE04EC0-301F-11D3-BF4B-00C04F79EFBC}") = "PM.ABR.Viewer.WindowsForms", "..\Component.AudiologyTest\ABR\PM.ABR.Viewer.WindowsForms\PM.ABR.Viewer.WindowsForms.csproj", "{2D2A3FE9-BC61-4E42-8013-91AD3C5DD813}"
EndProject
Project("{FAE04EC0-301F-11D3-BF4B-00C04F79EFBC}") = "PM.DPOAE", "..\Component.AudiologyTest\DPOAE\PM.DPOAE\PM.DPOAE.csproj", "{D48D7DEB-B3BF-4BD9-90A1-7F48FF7EB3E4}"
EndProject
Project("{FAE04EC0-301F-11D3-BF4B-00C04F79EFBC}") = "PM.DPOAE.Viewer.WindowsForms", "..\Component.AudiologyTest\DPOAE\PM.DPOAE.Viewer.WindowsForms\PM.DPOAE.Viewer.WindowsForms.csproj", "{0DFF9DC2-00F1-4612-9862-9758A665D6E9}"
EndProject
Project("{FAE04EC0-301F-11D3-BF4B-00C04F79EFBC}") = "PM.TEOAE", "..\Component.AudiologyTest\TEOAE\PM.TEOAE\PM.TEOAE.csproj", "{5A47B339-0017-4F2B-BB6E-0318BDBD3B2F}"
EndProject
Project("{FAE04EC0-301F-11D3-BF4B-00C04F79EFBC}") = "PM.TEOAE.Viewer.WindowsForms", "..\Component.AudiologyTest\TEOAE\PM.TEOAE.Viewer.WindowsForms\PM.TEOAE.Viewer.WindowsForms.csproj", "{16A42864-9190-4663-9185-9A05D9855B5F}"
EndProject
Project("{FAE04EC0-301F-11D3-BF4B-00C04F79EFBC}") = "PM.AudiologyTest", "..\Component.AudiologyTest\PM.AudiologyTest.Core\PM.AudiologyTest.csproj", "{AFC25123-D284-453C-B65E-3680F819FE29}"
EndProject
Project("{FAE04EC0-301F-11D3-BF4B-00C04F79EFBC}") = "PM.Core", "..\Component.Core\PM.Core\PM.Core.csproj", "{DC302793-0C52-4E45-8A3A-A0D82E610A3D}"
EndProject
Project("{FAE04EC0-301F-11D3-BF4B-00C04F79EFBC}") = "PM.DatabaseManagement.SQLServer", "..\Component.Core\PM.DatabaseManagement.SQLServer\PM.DatabaseManagement.SQLServer.csproj", "{990DB3FE-A0EC-42C1-9AE7-BAADCEB96879}"
EndProject
Project("{FAE04EC0-301F-11D3-BF4B-00C04F79EFBC}") = "PM.DatabaseManagement.VistaDB", "..\Component.Core\PM.DatabaseManagement.VistaDB\PM.DatabaseManagement.VistaDB.csproj", "{2DDD2148-8E89-4D97-888A-ED9320852A55}"
EndProject
Project("{FAE04EC0-301F-11D3-BF4B-00C04F79EFBC}") = "PM.DeviceCommunication", "..\Component.Core\PM.DeviceCommunication\PM.DeviceCommunication.csproj", "{806AAA89-4743-4913-B089-D80E8065DFA3}"
EndProject
Project("{FAE04EC0-301F-11D3-BF4B-00C04F79EFBC}") = "PM.UserInterface.WindowsForms", "..\Component.Core\PM.UserInterface.WindowsForms\PM.UserInterface.WindowsForms.csproj", "{0FA9A6AF-8AD0-4637-917F-FC41F13F3D8E}"
EndProject
Project("{2150E333-8FDC-42A3-9474-1A3956D46DE8}") = "AccuLink", "AccuLink", "{3BE8C6B2-21E1-421A-AF39-ABA851919EE3}"
EndProject
Project("{2150E333-8FDC-42A3-9474-1A3956D46DE8}") = "eSP", "eSP", "{A9BA3F6D-2ECC-4C83-A303-F45C5840DFA4}"
EndProject
Project("{FAE04EC0-301F-11D3-BF4B-00C04F79EFBC}") = "PM.DataExchange.AccuLink", "..\Component.DataExchange\AccuLink\PM.DataExchange.AccuLink\PM.DataExchange.AccuLink.csproj", "{081FFCA6-5050-4686-BF34-4CA7FE7CAFFC}"
EndProject
Project("{FAE04EC0-301F-11D3-BF4B-00C04F79EFBC}") = "PM.DataExchange.AccuLink.WindowsForms", "..\Component.DataExchange\AccuLink\PM.DataExchange.AccuLink.WindowsForms\PM.DataExchange.AccuLink.WindowsForms.csproj", "{2410D8C9-A02A-48BE-9696-CCFFB0F52E2C}"
EndProject
Project("{FAE04EC0-301F-11D3-BF4B-00C04F79EFBC}") = "PM.DataExchange.eSP", "..\Component.DataExchange\eSP\PM.DataExchange.eSP\PM.DataExchange.eSP.csproj", "{C63288FB-1F9E-4F24-871F-6061F68EC9E7}"
EndProject
Project("{FAE04EC0-301F-11D3-BF4B-00C04F79EFBC}") = "PM.DataExchange.eSP.Connector", "..\Component.DataExchange\eSP\PM.DataExchange.eSP.Connector\PM.DataExchange.eSP.Connector.csproj", "{0C2A00A6-8CF1-4D2E-BA87-7DFC1FA73219}"
EndProject
Project("{2150E333-8FDC-42A3-9474-1A3956D46DE8}") = "Type 1077", "Type 1077", "{07DEA4E2-9AF3-4541-AB9D-1887D2D10800}"
EndProject
Project("{FAE04EC0-301F-11D3-BF4B-00C04F79EFBC}") = "PM.Type1077", "..\Component.InstrumentManagement\Type 1077\PM.Type1077\PM.Type1077.csproj", "{24A3B519-DAF0-46E6-968D-23AE329D634B}"
EndProject
Project("{FAE04EC0-301F-11D3-BF4B-00C04F79EFBC}") = "PM.Type1077.Communicator.WindowsForms", "..\Component.InstrumentManagement\Type 1077\PM.Type1077.Communicator.WindowsForms\PM.Type1077.Communicator.WindowsForms.csproj", "{104908DE-F0F7-4C87-BF1A-AABC81799BAA}"
EndProject
Project("{FAE04EC0-301F-11D3-BF4B-00C04F79EFBC}") = "PM.InstrumentManagement.Core", "..\Component.InstrumentManagement\PM.InstrumentManagement.Core\PM.InstrumentManagement.Core.csproj", "{5532AF15-5EA7-4473-BFAE-3022D91715F6}"
EndProject
Project("{FAE04EC0-301F-11D3-BF4B-00C04F79EFBC}") = "PM.InstrumentManagement.Viewer.WindowsForms", "..\Component.InstrumentManagement\PM.InstrumentManagement.Viewer.WindowsForms\PM.InstrumentManagement.Viewer.WindowsForms.csproj", "{8AE6335F-4FB8-473C-90C5-D45FB636C959}"
EndProject
Project("{FAE04EC0-301F-11D3-BF4B-00C04F79EFBC}") = "PM.PatientManagement", "..\Component.PatientManagement\PM.PatientManagement\PM.PatientManagement.csproj", "{A73BD0F2-C84A-4752-8325-6E4A871FFCA4}"
EndProject
Project("{FAE04EC0-301F-11D3-BF4B-00C04F79EFBC}") = "PM.PatientManagement.MultipleTestViewer.WindowsForms", "..\Component.PatientManagement\PM.PatientManagement.MultipleTestViewer.WindowsForms\PM.PatientManagement.MultipleTestViewer.WindowsForms.csproj", "{3350B7D5-6685-49F5-966E-BE791302AB8B}"
EndProject
Project("{FAE04EC0-301F-11D3-BF4B-00C04F79EFBC}") = "PM.PatientManagement.Viewer.WindowsForms", "..\Component.PatientManagement\PM.PatientManagement.Viewer.WindowsForms\PM.PatientManagement.Viewer.WindowsForms.csproj", "{8041AC55-D3D8-4766-A319-9077AE4C1C78}"
EndProject
Project("{FAE04EC0-301F-11D3-BF4B-00C04F79EFBC}") = "PM.ServiceTools", "..\Component.ServiceTools\PM.ServiceTools\PM.ServiceTools.csproj", "{9E760A60-8977-4154-B49D-FC5AA9E67833}"
EndProject
Project("{FAE04EC0-301F-11D3-BF4B-00C04F79EFBC}") = "PM.ServiceTools.Viewer", "..\Component.ServiceTools\PM.ServiceTools.Viewer\PM.ServiceTools.Viewer.csproj", "{E3EBA143-4ACC-432D-B702-B7D03508DBE2}"
EndProject
Project("{FAE04EC0-301F-11D3-BF4B-00C04F79EFBC}") = "PM.SiteAndFacilityManagement", "..\Component.SiteAndFacilityManagement\PM.SiteAndFacilityManagement\PM.SiteAndFacilityManagement.csproj", "{AD566D5E-B61B-4D98-87CA-0A235C3F55CC}"
EndProject
Project("{FAE04EC0-301F-11D3-BF4B-00C04F79EFBC}") = "PM.SiteAndFacilityManagement.Viewer.WindowsForms", "..\Component.SiteAndFacilityManagement\PM.SiteAndFacilityManagement.Viewer.WindowsForms\PM.SiteAndFacilityManagement.Viewer.WindowsForms.csproj", "{929BD1F1-B8E5-4E04-96D4-94C4E09099E9}"
EndProject
Project("{FAE04EC0-301F-11D3-BF4B-00C04F79EFBC}") = "PM.SystemConfiguration.Core", "..\Component.SystemConfiguration\PM.SystemConfiguration.Core\PM.SystemConfiguration.Core.csproj", "{380DC54A-F2F7-4449-8738-DB84FF49D272}"
EndProject
Project("{FAE04EC0-301F-11D3-BF4B-00C04F79EFBC}") = "PM.SystemConfiguration.Viewer.WindowsForms", "..\Component.SystemConfiguration\PM.SystemConfiguration.Viewer.WindowsForms\PM.SystemConfiguration.Viewer.WindowsForms.csproj", "{66D163EB-9166-436D-AFC0-F4D0DAF74F1E}"
EndProject
Project("{FAE04EC0-301F-11D3-BF4B-00C04F79EFBC}") = "PM.UserProfileManagement", "..\Component.UserProfileManagement\PM.UserProfileManagement\PM.UserProfileManagement.csproj", "{130FF0DD-A43C-4214-9034-08F183D80EBB}"
EndProject
Project("{FAE04EC0-301F-11D3-BF4B-00C04F79EFBC}") = "PM.UserProfileManagement.PrivateUserSettings", "..\Component.UserProfileManagement\PM.UserProfileManagement.PrivateUserSettings\PM.UserProfileManagement.PrivateUserSettings.csproj", "{7D48DDB7-20B6-415C-A7C7-24B79F1D52A4}"
EndProject
Project("{FAE04EC0-301F-11D3-BF4B-00C04F79EFBC}") = "PM.UserProfileManagement.Viewer.WindowsForms", "..\Component.UserProfileManagement\PM.UserProfileManagement.Viewer.WindowsForms\PM.UserProfileManagement.Viewer.WindowsForms.csproj", "{D4DDBEA8-4E57-42B8-9A2A-E593672A590A}"
EndProject
Global
	GlobalSection(SolutionConfigurationPlatforms) = preSolution
		Debug|Any CPU = Debug|Any CPU
		Release|Any CPU = Release|Any CPU
	EndGlobalSection
	GlobalSection(ProjectConfigurationPlatforms) = postSolution
		{1C7C457C-08A5-418F-BBBE-052A7E97444F}.Debug|Any CPU.ActiveCfg = Debug|Any CPU
		{1C7C457C-08A5-418F-BBBE-052A7E97444F}.Debug|Any CPU.Build.0 = Debug|Any CPU
		{1C7C457C-08A5-418F-BBBE-052A7E97444F}.Release|Any CPU.ActiveCfg = Release|Any CPU
		{1C7C457C-08A5-418F-BBBE-052A7E97444F}.Release|Any CPU.Build.0 = Release|Any CPU
		{0E9287FC-6262-4251-866A-E0D51ACBCBFB}.Debug|Any CPU.ActiveCfg = Debug|Any CPU
		{0E9287FC-6262-4251-866A-E0D51ACBCBFB}.Debug|Any CPU.Build.0 = Debug|Any CPU
		{0E9287FC-6262-4251-866A-E0D51ACBCBFB}.Release|Any CPU.ActiveCfg = Release|Any CPU
		{0E9287FC-6262-4251-866A-E0D51ACBCBFB}.Release|Any CPU.Build.0 = Release|Any CPU
		{B1E4E84B-CC95-4666-8E33-4E509062C86B}.Debug|Any CPU.ActiveCfg = Debug|Any CPU
		{B1E4E84B-CC95-4666-8E33-4E509062C86B}.Debug|Any CPU.Build.0 = Debug|Any CPU
		{B1E4E84B-CC95-4666-8E33-4E509062C86B}.Release|Any CPU.ActiveCfg = Release|Any CPU
		{B1E4E84B-CC95-4666-8E33-4E509062C86B}.Release|Any CPU.Build.0 = Release|Any CPU
		{2D2A3FE9-BC61-4E42-8013-91AD3C5DD813}.Debug|Any CPU.ActiveCfg = Debug|Any CPU
		{2D2A3FE9-BC61-4E42-8013-91AD3C5DD813}.Debug|Any CPU.Build.0 = Debug|Any CPU
		{2D2A3FE9-BC61-4E42-8013-91AD3C5DD813}.Release|Any CPU.ActiveCfg = Release|Any CPU
		{2D2A3FE9-BC61-4E42-8013-91AD3C5DD813}.Release|Any CPU.Build.0 = Release|Any CPU
		{D48D7DEB-B3BF-4BD9-90A1-7F48FF7EB3E4}.Debug|Any CPU.ActiveCfg = Debug|Any CPU
		{D48D7DEB-B3BF-4BD9-90A1-7F48FF7EB3E4}.Debug|Any CPU.Build.0 = Debug|Any CPU
		{D48D7DEB-B3BF-4BD9-90A1-7F48FF7EB3E4}.Release|Any CPU.ActiveCfg = Release|Any CPU
		{D48D7DEB-B3BF-4BD9-90A1-7F48FF7EB3E4}.Release|Any CPU.Build.0 = Release|Any CPU
		{0DFF9DC2-00F1-4612-9862-9758A665D6E9}.Debug|Any CPU.ActiveCfg = Debug|Any CPU
		{0DFF9DC2-00F1-4612-9862-9758A665D6E9}.Debug|Any CPU.Build.0 = Debug|Any CPU
		{0DFF9DC2-00F1-4612-9862-9758A665D6E9}.Release|Any CPU.ActiveCfg = Release|Any CPU
		{0DFF9DC2-00F1-4612-9862-9758A665D6E9}.Release|Any CPU.Build.0 = Release|Any CPU
		{5A47B339-0017-4F2B-BB6E-0318BDBD3B2F}.Debug|Any CPU.ActiveCfg = Debug|Any CPU
		{5A47B339-0017-4F2B-BB6E-0318BDBD3B2F}.Debug|Any CPU.Build.0 = Debug|Any CPU
		{5A47B339-0017-4F2B-BB6E-0318BDBD3B2F}.Release|Any CPU.ActiveCfg = Release|Any CPU
		{5A47B339-0017-4F2B-BB6E-0318BDBD3B2F}.Release|Any CPU.Build.0 = Release|Any CPU
		{16A42864-9190-4663-9185-9A05D9855B5F}.Debug|Any CPU.ActiveCfg = Debug|Any CPU
		{16A42864-9190-4663-9185-9A05D9855B5F}.Debug|Any CPU.Build.0 = Debug|Any CPU
		{16A42864-9190-4663-9185-9A05D9855B5F}.Release|Any CPU.ActiveCfg = Release|Any CPU
		{16A42864-9190-4663-9185-9A05D9855B5F}.Release|Any CPU.Build.0 = Release|Any CPU
		{AFC25123-D284-453C-B65E-3680F819FE29}.Debug|Any CPU.ActiveCfg = Debug|Any CPU
		{AFC25123-D284-453C-B65E-3680F819FE29}.Debug|Any CPU.Build.0 = Debug|Any CPU
		{AFC25123-D284-453C-B65E-3680F819FE29}.Release|Any CPU.ActiveCfg = Release|Any CPU
		{AFC25123-D284-453C-B65E-3680F819FE29}.Release|Any CPU.Build.0 = Release|Any CPU
		{DC302793-0C52-4E45-8A3A-A0D82E610A3D}.Debug|Any CPU.ActiveCfg = Debug|Any CPU
		{DC302793-0C52-4E45-8A3A-A0D82E610A3D}.Debug|Any CPU.Build.0 = Debug|Any CPU
		{DC302793-0C52-4E45-8A3A-A0D82E610A3D}.Release|Any CPU.ActiveCfg = Release|Any CPU
		{DC302793-0C52-4E45-8A3A-A0D82E610A3D}.Release|Any CPU.Build.0 = Release|Any CPU
		{990DB3FE-A0EC-42C1-9AE7-BAADCEB96879}.Debug|Any CPU.ActiveCfg = Debug|Any CPU
		{990DB3FE-A0EC-42C1-9AE7-BAADCEB96879}.Debug|Any CPU.Build.0 = Debug|Any CPU
		{990DB3FE-A0EC-42C1-9AE7-BAADCEB96879}.Release|Any CPU.ActiveCfg = Release|Any CPU
		{990DB3FE-A0EC-42C1-9AE7-BAADCEB96879}.Release|Any CPU.Build.0 = Release|Any CPU
		{2DDD2148-8E89-4D97-888A-ED9320852A55}.Debug|Any CPU.ActiveCfg = Debug|Any CPU
		{2DDD2148-8E89-4D97-888A-ED9320852A55}.Debug|Any CPU.Build.0 = Debug|Any CPU
		{2DDD2148-8E89-4D97-888A-ED9320852A55}.Release|Any CPU.ActiveCfg = Release|Any CPU
		{2DDD2148-8E89-4D97-888A-ED9320852A55}.Release|Any CPU.Build.0 = Release|Any CPU
		{806AAA89-4743-4913-B089-D80E8065DFA3}.Debug|Any CPU.ActiveCfg = Debug|Any CPU
		{806AAA89-4743-4913-B089-D80E8065DFA3}.Debug|Any CPU.Build.0 = Debug|Any CPU
		{806AAA89-4743-4913-B089-D80E8065DFA3}.Release|Any CPU.ActiveCfg = Release|Any CPU
		{806AAA89-4743-4913-B089-D80E8065DFA3}.Release|Any CPU.Build.0 = Release|Any CPU
		{0FA9A6AF-8AD0-4637-917F-FC41F13F3D8E}.Debug|Any CPU.ActiveCfg = Debug|Any CPU
		{0FA9A6AF-8AD0-4637-917F-FC41F13F3D8E}.Debug|Any CPU.Build.0 = Debug|Any CPU
		{0FA9A6AF-8AD0-4637-917F-FC41F13F3D8E}.Release|Any CPU.ActiveCfg = Release|Any CPU
		{0FA9A6AF-8AD0-4637-917F-FC41F13F3D8E}.Release|Any CPU.Build.0 = Release|Any CPU
		{081FFCA6-5050-4686-BF34-4CA7FE7CAFFC}.Debug|Any CPU.ActiveCfg = Debug|Any CPU
		{081FFCA6-5050-4686-BF34-4CA7FE7CAFFC}.Debug|Any CPU.Build.0 = Debug|Any CPU
		{081FFCA6-5050-4686-BF34-4CA7FE7CAFFC}.Release|Any CPU.ActiveCfg = Release|Any CPU
		{081FFCA6-5050-4686-BF34-4CA7FE7CAFFC}.Release|Any CPU.Build.0 = Release|Any CPU
		{2410D8C9-A02A-48BE-9696-CCFFB0F52E2C}.Debug|Any CPU.ActiveCfg = Debug|Any CPU
		{2410D8C9-A02A-48BE-9696-CCFFB0F52E2C}.Debug|Any CPU.Build.0 = Debug|Any CPU
		{2410D8C9-A02A-48BE-9696-CCFFB0F52E2C}.Release|Any CPU.ActiveCfg = Release|Any CPU
		{2410D8C9-A02A-48BE-9696-CCFFB0F52E2C}.Release|Any CPU.Build.0 = Release|Any CPU
		{C63288FB-1F9E-4F24-871F-6061F68EC9E7}.Debug|Any CPU.ActiveCfg = Debug|Any CPU
		{C63288FB-1F9E-4F24-871F-6061F68EC9E7}.Debug|Any CPU.Build.0 = Debug|Any CPU
		{C63288FB-1F9E-4F24-871F-6061F68EC9E7}.Release|Any CPU.ActiveCfg = Release|Any CPU
		{C63288FB-1F9E-4F24-871F-6061F68EC9E7}.Release|Any CPU.Build.0 = Release|Any CPU
		{0C2A00A6-8CF1-4D2E-BA87-7DFC1FA73219}.Debug|Any CPU.ActiveCfg = Debug|Any CPU
		{0C2A00A6-8CF1-4D2E-BA87-7DFC1FA73219}.Debug|Any CPU.Build.0 = Debug|Any CPU
		{0C2A00A6-8CF1-4D2E-BA87-7DFC1FA73219}.Release|Any CPU.ActiveCfg = Release|Any CPU
		{0C2A00A6-8CF1-4D2E-BA87-7DFC1FA73219}.Release|Any CPU.Build.0 = Release|Any CPU
		{24A3B519-DAF0-46E6-968D-23AE329D634B}.Debug|Any CPU.ActiveCfg = Debug|Any CPU
		{24A3B519-DAF0-46E6-968D-23AE329D634B}.Debug|Any CPU.Build.0 = Debug|Any CPU
		{24A3B519-DAF0-46E6-968D-23AE329D634B}.Release|Any CPU.ActiveCfg = Release|Any CPU
		{24A3B519-DAF0-46E6-968D-23AE329D634B}.Release|Any CPU.Build.0 = Release|Any CPU
		{104908DE-F0F7-4C87-BF1A-AABC81799BAA}.Debug|Any CPU.ActiveCfg = Debug|Any CPU
		{104908DE-F0F7-4C87-BF1A-AABC81799BAA}.Debug|Any CPU.Build.0 = Debug|Any CPU
		{104908DE-F0F7-4C87-BF1A-AABC81799BAA}.Release|Any CPU.ActiveCfg = Release|Any CPU
		{104908DE-F0F7-4C87-BF1A-AABC81799BAA}.Release|Any CPU.Build.0 = Release|Any CPU
		{5532AF15-5EA7-4473-BFAE-3022D91715F6}.Debug|Any CPU.ActiveCfg = Debug|Any CPU
		{5532AF15-5EA7-4473-BFAE-3022D91715F6}.Debug|Any CPU.Build.0 = Debug|Any CPU
		{5532AF15-5EA7-4473-BFAE-3022D91715F6}.Release|Any CPU.ActiveCfg = Release|Any CPU
		{5532AF15-5EA7-4473-BFAE-3022D91715F6}.Release|Any CPU.Build.0 = Release|Any CPU
		{8AE6335F-4FB8-473C-90C5-D45FB636C959}.Debug|Any CPU.ActiveCfg = Debug|Any CPU
		{8AE6335F-4FB8-473C-90C5-D45FB636C959}.Debug|Any CPU.Build.0 = Debug|Any CPU
		{8AE6335F-4FB8-473C-90C5-D45FB636C959}.Release|Any CPU.ActiveCfg = Release|Any CPU
		{8AE6335F-4FB8-473C-90C5-D45FB636C959}.Release|Any CPU.Build.0 = Release|Any CPU
		{A73BD0F2-C84A-4752-8325-6E4A871FFCA4}.Debug|Any CPU.ActiveCfg = Debug|Any CPU
		{A73BD0F2-C84A-4752-8325-6E4A871FFCA4}.Debug|Any CPU.Build.0 = Debug|Any CPU
		{A73BD0F2-C84A-4752-8325-6E4A871FFCA4}.Release|Any CPU.ActiveCfg = Release|Any CPU
		{A73BD0F2-C84A-4752-8325-6E4A871FFCA4}.Release|Any CPU.Build.0 = Release|Any CPU
		{3350B7D5-6685-49F5-966E-BE791302AB8B}.Debug|Any CPU.ActiveCfg = Debug|Any CPU
		{3350B7D5-6685-49F5-966E-BE791302AB8B}.Debug|Any CPU.Build.0 = Debug|Any CPU
		{3350B7D5-6685-49F5-966E-BE791302AB8B}.Release|Any CPU.ActiveCfg = Release|Any CPU
		{3350B7D5-6685-49F5-966E-BE791302AB8B}.Release|Any CPU.Build.0 = Release|Any CPU
		{8041AC55-D3D8-4766-A319-9077AE4C1C78}.Debug|Any CPU.ActiveCfg = Debug|Any CPU
		{8041AC55-D3D8-4766-A319-9077AE4C1C78}.Debug|Any CPU.Build.0 = Debug|Any CPU
		{8041AC55-D3D8-4766-A319-9077AE4C1C78}.Release|Any CPU.ActiveCfg = Release|Any CPU
		{8041AC55-D3D8-4766-A319-9077AE4C1C78}.Release|Any CPU.Build.0 = Release|Any CPU
		{9E760A60-8977-4154-B49D-FC5AA9E67833}.Debug|Any CPU.ActiveCfg = Debug|Any CPU
		{9E760A60-8977-4154-B49D-FC5AA9E67833}.Debug|Any CPU.Build.0 = Debug|Any CPU
		{9E760A60-8977-4154-B49D-FC5AA9E67833}.Release|Any CPU.ActiveCfg = Release|Any CPU
		{9E760A60-8977-4154-B49D-FC5AA9E67833}.Release|Any CPU.Build.0 = Release|Any CPU
		{E3EBA143-4ACC-432D-B702-B7D03508DBE2}.Debug|Any CPU.ActiveCfg = Debug|Any CPU
		{E3EBA143-4ACC-432D-B702-B7D03508DBE2}.Debug|Any CPU.Build.0 = Debug|Any CPU
		{E3EBA143-4ACC-432D-B702-B7D03508DBE2}.Release|Any CPU.ActiveCfg = Release|Any CPU
		{E3EBA143-4ACC-432D-B702-B7D03508DBE2}.Release|Any CPU.Build.0 = Release|Any CPU
		{AD566D5E-B61B-4D98-87CA-0A235C3F55CC}.Debug|Any CPU.ActiveCfg = Debug|Any CPU
		{AD566D5E-B61B-4D98-87CA-0A235C3F55CC}.Debug|Any CPU.Build.0 = Debug|Any CPU
		{AD566D5E-B61B-4D98-87CA-0A235C3F55CC}.Release|Any CPU.ActiveCfg = Release|Any CPU
		{AD566D5E-B61B-4D98-87CA-0A235C3F55CC}.Release|Any CPU.Build.0 = Release|Any CPU
		{929BD1F1-B8E5-4E04-96D4-94C4E09099E9}.Debug|Any CPU.ActiveCfg = Debug|Any CPU
		{929BD1F1-B8E5-4E04-96D4-94C4E09099E9}.Debug|Any CPU.Build.0 = Debug|Any CPU
		{929BD1F1-B8E5-4E04-96D4-94C4E09099E9}.Release|Any CPU.ActiveCfg = Release|Any CPU
		{929BD1F1-B8E5-4E04-96D4-94C4E09099E9}.Release|Any CPU.Build.0 = Release|Any CPU
		{380DC54A-F2F7-4449-8738-DB84FF49D272}.Debug|Any CPU.ActiveCfg = Debug|Any CPU
		{380DC54A-F2F7-4449-8738-DB84FF49D272}.Debug|Any CPU.Build.0 = Debug|Any CPU
		{380DC54A-F2F7-4449-8738-DB84FF49D272}.Release|Any CPU.ActiveCfg = Release|Any CPU
		{380DC54A-F2F7-4449-8738-DB84FF49D272}.Release|Any CPU.Build.0 = Release|Any CPU
		{66D163EB-9166-436D-AFC0-F4D0DAF74F1E}.Debug|Any CPU.ActiveCfg = Debug|Any CPU
		{66D163EB-9166-436D-AFC0-F4D0DAF74F1E}.Debug|Any CPU.Build.0 = Debug|Any CPU
		{66D163EB-9166-436D-AFC0-F4D0DAF74F1E}.Release|Any CPU.ActiveCfg = Release|Any CPU
		{66D163EB-9166-436D-AFC0-F4D0DAF74F1E}.Release|Any CPU.Build.0 = Release|Any CPU
		{130FF0DD-A43C-4214-9034-08F183D80EBB}.Debug|Any CPU.ActiveCfg = Debug|Any CPU
		{130FF0DD-A43C-4214-9034-08F183D80EBB}.Debug|Any CPU.Build.0 = Debug|Any CPU
		{130FF0DD-A43C-4214-9034-08F183D80EBB}.Release|Any CPU.ActiveCfg = Release|Any CPU
		{130FF0DD-A43C-4214-9034-08F183D80EBB}.Release|Any CPU.Build.0 = Release|Any CPU
		{7D48DDB7-20B6-415C-A7C7-24B79F1D52A4}.Debug|Any CPU.ActiveCfg = Debug|Any CPU
		{7D48DDB7-20B6-415C-A7C7-24B79F1D52A4}.Debug|Any CPU.Build.0 = Debug|Any CPU
		{7D48DDB7-20B6-415C-A7C7-24B79F1D52A4}.Release|Any CPU.ActiveCfg = Release|Any CPU
		{7D48DDB7-20B6-415C-A7C7-24B79F1D52A4}.Release|Any CPU.Build.0 = Release|Any CPU
		{D4DDBEA8-4E57-42B8-9A2A-E593672A590A}.Debug|Any CPU.ActiveCfg = Debug|Any CPU
		{D4DDBEA8-4E57-42B8-9A2A-E593672A590A}.Debug|Any CPU.Build.0 = Debug|Any CPU
		{D4DDBEA8-4E57-42B8-9A2A-E593672A590A}.Release|Any CPU.ActiveCfg = Release|Any CPU
		{D4DDBEA8-4E57-42B8-9A2A-E593672A590A}.Release|Any CPU.Build.0 = Release|Any CPU
	EndGlobalSection
	GlobalSection(SolutionProperties) = preSolution
		HideSolutionNode = FALSE
	EndGlobalSection
	GlobalSection(NestedProjects) = preSolution
		{1C7C457C-08A5-418F-BBBE-052A7E97444F} = {02EA681E-C7D8-13C7-8484-4AC65E1B71E8}
		{0E9287FC-6262-4251-866A-E0D51ACBCBFB} = {02EA681E-C7D8-13C7-8484-4AC65E1B71E8}
		{B00F27F9-C04E-48D3-9E5B-5C3A939C9367} = {2A64902A-BE4B-4CBE-B590-D1A73DCDD19C}
		{CE0AD067-CA21-484C-A891-0457047B102D} = {B00F27F9-C04E-48D3-9E5B-5C3A939C9367}
		{56EDD01A-65AF-4F75-BCFF-C33A7CE41094} = {B00F27F9-C04E-48D3-9E5B-5C3A939C9367}
		{C29C0369-E214-4460-B81D-42341740F40C} = {B00F27F9-C04E-48D3-9E5B-5C3A939C9367}
		{B1E4E84B-CC95-4666-8E33-4E509062C86B} = {CE0AD067-CA21-484C-A891-0457047B102D}
		{2D2A3FE9-BC61-4E42-8013-91AD3C5DD813} = {CE0AD067-CA21-484C-A891-0457047B102D}
		{D48D7DEB-B3BF-4BD9-90A1-7F48FF7EB3E4} = {56EDD01A-65AF-4F75-BCFF-C33A7CE41094}
		{0DFF9DC2-00F1-4612-9862-9758A665D6E9} = {56EDD01A-65AF-4F75-BCFF-C33A7CE41094}
		{5A47B339-0017-4F2B-BB6E-0318BDBD3B2F} = {C29C0369-E214-4460-B81D-42341740F40C}
		{16A42864-9190-4663-9185-9A05D9855B5F} = {C29C0369-E214-4460-B81D-42341740F40C}
		{AFC25123-D284-453C-B65E-3680F819FE29} = {2A64902A-BE4B-4CBE-B590-D1A73DCDD19C}
		{DC302793-0C52-4E45-8A3A-A0D82E610A3D} = {80712B80-D5F0-4148-913E-BD958D4926F2}
		{990DB3FE-A0EC-42C1-9AE7-BAADCEB96879} = {80712B80-D5F0-4148-913E-BD958D4926F2}
		{2DDD2148-8E89-4D97-888A-ED9320852A55} = {80712B80-D5F0-4148-913E-BD958D4926F2}
		{806AAA89-4743-4913-B089-D80E8065DFA3} = {80712B80-D5F0-4148-913E-BD958D4926F2}
		{0FA9A6AF-8AD0-4637-917F-FC41F13F3D8E} = {80712B80-D5F0-4148-913E-BD958D4926F2}
		{3BE8C6B2-21E1-421A-AF39-ABA851919EE3} = {151DC436-5F36-418C-A227-F7057372AE0C}
		{A9BA3F6D-2ECC-4C83-A303-F45C5840DFA4} = {151DC436-5F36-418C-A227-F7057372AE0C}
		{081FFCA6-5050-4686-BF34-4CA7FE7CAFFC} = {3BE8C6B2-21E1-421A-AF39-ABA851919EE3}
		{2410D8C9-A02A-48BE-9696-CCFFB0F52E2C} = {3BE8C6B2-21E1-421A-AF39-ABA851919EE3}
		{C63288FB-1F9E-4F24-871F-6061F68EC9E7} = {A9BA3F6D-2ECC-4C83-A303-F45C5840DFA4}
		{0C2A00A6-8CF1-4D2E-BA87-7DFC1FA73219} = {A9BA3F6D-2ECC-4C83-A303-F45C5840DFA4}
		{07DEA4E2-9AF3-4541-AB9D-1887D2D10800} = {F9C36097-089D-4D50-86BE-5B1B42E2870F}
		{24A3B519-DAF0-46E6-968D-23AE329D634B} = {07DEA4E2-9AF3-4541-AB9D-1887D2D10800}
		{104908DE-F0F7-4C87-BF1A-AABC81799BAA} = {07DEA4E2-9AF3-4541-AB9D-1887D2D10800}
		{5532AF15-5EA7-4473-BFAE-3022D91715F6} = {F9C36097-089D-4D50-86BE-5B1B42E2870F}
		{8AE6335F-4FB8-473C-90C5-D45FB636C959} = {F9C36097-089D-4D50-86BE-5B1B42E2870F}
		{A73BD0F2-C84A-4752-8325-6E4A871FFCA4} = {287E8949-D942-456E-875F-AE79742D01C8}
		{3350B7D5-6685-49F5-966E-BE791302AB8B} = {287E8949-D942-456E-875F-AE79742D01C8}
		{8041AC55-D3D8-4766-A319-9077AE4C1C78} = {287E8949-D942-456E-875F-AE79742D01C8}
		{9E760A60-8977-4154-B49D-FC5AA9E67833} = {509DA062-3C2D-48A5-AC4A-8FA6FA65A890}
		{E3EBA143-4ACC-432D-B702-B7D03508DBE2} = {509DA062-3C2D-48A5-AC4A-8FA6FA65A890}
		{AD566D5E-B61B-4D98-87CA-0A235C3F55CC} = {38C27290-FE90-463A-AD79-755EF1A10F55}
		{929BD1F1-B8E5-4E04-96D4-94C4E09099E9} = {38C27290-FE90-463A-AD79-755EF1A10F55}
		{380DC54A-F2F7-4449-8738-DB84FF49D272} = {D1BCABDE-9DDC-4EAA-AA80-D9C3CD6901AA}
		{66D163EB-9166-436D-AFC0-F4D0DAF74F1E} = {D1BCABDE-9DDC-4EAA-AA80-D9C3CD6901AA}
		{130FF0DD-A43C-4214-9034-08F183D80EBB} = {050F40DA-0EB4-4843-AB22-A91613E4129B}
		{7D48DDB7-20B6-415C-A7C7-24B79F1D52A4} = {050F40DA-0EB4-4843-AB22-A91613E4129B}
		{D4DDBEA8-4E57-42B8-9A2A-E593672A590A} = {050F40DA-0EB4-4843-AB22-A91613E4129B}
	EndGlobalSection
	GlobalSection(ExtensibilityGlobals) = postSolution
		SolutionGuid = {63B86B75-6810-4179-A156-A6AB0C141A20}
	EndGlobalSection
EndGlobal
